
Microsoft Visual Studio Solution File, Format Version 12.00
# Visual Studio Version 16
VisualStudioVersion = 16.0.31005.135
MinimumVisualStudioVersion = 10.0.40219.1
Project("{FAE04EC0-301F-11D3-BF4B-00C04F79EFBC}") = "BumpBuildWorker", "BumpBuildWorker.csproj", "{AD043BA1-32BD-43A2-A92E-3FA47F7E3F84}"
EndProject
Global
	GlobalSection(SolutionConfigurationPlatforms) = preSolution
		Debug|Any CPU = Debug|Any CPU
		Release|Any CPU = Release|Any CPU
	EndGlobalSection
	GlobalSection(ProjectConfigurationPlatforms) = postSolution
		{AD043BA1-32BD-43A2-A92E-3FA47F7E3F84}.Debug|Any CPU.ActiveCfg = Debug|Any CPU
		{AD043BA1-32BD-43A2-A92E-3FA47F7E3F84}.Debug|Any CPU.Build.0 = Debug|Any CPU
		{AD043BA1-32BD-43A2-A92E-3FA47F7E3F84}.Release|Any CPU.ActiveCfg = Release|Any CPU
		{AD043BA1-32BD-43A2-A92E-3FA47F7E3F84}.Release|Any CPU.Build.0 = Release|Any CPU
	EndGlobalSection
	GlobalSection(SolutionProperties) = preSolution
		HideSolutionNode = FALSE
	EndGlobalSection
	GlobalSection(ExtensibilityGlobals) = postSolution
		SolutionGuid = {C5468117-DE47-4544-A5B3-5C0500621C19}
	EndGlobalSection
EndGlobal
